
Microsoft Visual Studio Solution File, Format Version 12.00
# Visual Studio Version 17
VisualStudioVersion = 17.5.33516.290
MinimumVisualStudioVersion = 10.0.40219.1
Project("{FAE04EC0-301F-11D3-BF4B-00C04F79EFBC}") = "mobile-recharger", "mobile-recharger.csproj", "{027A51D2-B2A5-446C-B29D-52F61F9F1A7E}"
EndProject
Global
	GlobalSection(SolutionConfigurationPlatforms) = preSolution
		Debug|Any CPU = Debug|Any CPU
		Release|Any CPU = Release|Any CPU
	EndGlobalSection
	GlobalSection(ProjectConfigurationPlatforms) = postSolution
		{027A51D2-B2A5-446C-B29D-52F61F9F1A7E}.Debug|Any CPU.ActiveCfg = Debug|Any CPU
		{027A51D2-B2A5-446C-B29D-52F61F9F1A7E}.Debug|Any CPU.Build.0 = Debug|Any CPU
		{027A51D2-B2A5-446C-B29D-52F61F9F1A7E}.Release|Any CPU.ActiveCfg = Release|Any CPU
		{027A51D2-B2A5-446C-B29D-52F61F9F1A7E}.Release|Any CPU.Build.0 = Release|Any CPU
	EndGlobalSection
	GlobalSection(SolutionProperties) = preSolution
		HideSolutionNode = FALSE
	EndGlobalSection
	GlobalSection(ExtensibilityGlobals) = postSolution
		SolutionGuid = {02AE17A1-1610-45CF-A8D5-6146D705811F}
	EndGlobalSection
EndGlobal
